// !$*UTF8*$!
{
	archiveVersion = 1;
	classes = {
	};
	objectVersion = 54;
	objects = {

/* Begin PBXBuildFile section */
		1027CA7E2BACF6F8001CCADC /* AlertViews.swift in Sources */ = {isa = PBXBuildFile; fileRef = 1027CA772BACF6F8001CCADC /* AlertViews.swift */; };
		1027CA7F2BACF6F8001CCADC /* AppDelegate.swift in Sources */ = {isa = PBXBuildFile; fileRef = 1027CA782BACF6F8001CCADC /* AppDelegate.swift */; };
		1027CA822BACF6F8001CCADC /* ObjectCollectionHelper.swift in Sources */ = {isa = PBXBuildFile; fileRef = 1027CA7B2BACF6F8001CCADC /* ObjectCollectionHelper.swift */; };
		1027CA832BACF6F8001CCADC /* SceneDelegate.swift in Sources */ = {isa = PBXBuildFile; fileRef = 1027CA7C2BACF6F8001CCADC /* SceneDelegate.swift */; };
		1027CA872BACF700001CCADC /* hair_height.scn in Resources */ = {isa = PBXBuildFile; fileRef = 1027CA842BACF700001CCADC /* hair_height.scn */; };
		1027CA882BACF700001CCADC /* Hair.png in Resources */ = {isa = PBXBuildFile; fileRef = 1027CA852BACF700001CCADC /* Hair.png */; };
		1027CA8A2BACF8E3001CCADC /* Main.storyboard in Resources */ = {isa = PBXBuildFile; fileRef = 1027CA892BACF8E3001CCADC /* Main.storyboard */; };
		1027CA902BACF982001CCADC /* ImageDownloader.swift in Sources */ = {isa = PBXBuildFile; fileRef = 1027CA8F2BACF982001CCADC /* ImageDownloader.swift */; };
		1027CA962BACF9D2001CCADC /* CollectionProductInfoHelper.swift in Sources */ = {isa = PBXBuildFile; fileRef = 1027CA912BACF9D2001CCADC /* CollectionProductInfoHelper.swift */; };
		1027CA972BACF9D2001CCADC /* ProductAttributedStringHelper.swift in Sources */ = {isa = PBXBuildFile; fileRef = 1027CA922BACF9D2001CCADC /* ProductAttributedStringHelper.swift */; };
		1027CA982BACF9D2001CCADC /* ProductInfoHelper.swift in Sources */ = {isa = PBXBuildFile; fileRef = 1027CA932BACF9D2001CCADC /* ProductInfoHelper.swift */; };
		1027CA992BACF9D2001CCADC /* ProductModels.swift in Sources */ = {isa = PBXBuildFile; fileRef = 1027CA942BACF9D2001CCADC /* ProductModels.swift */; };
		1027CA9B2BACF9F1001CCADC /* JsonLoader.swift in Sources */ = {isa = PBXBuildFile; fileRef = 1027CA9A2BACF9F1001CCADC /* JsonLoader.swift */; };
		108FF0B22BACF44B00AE6A39 /* products.json in Resources */ = {isa = PBXBuildFile; fileRef = 108FF0B12BACF44B00AE6A39 /* products.json */; };
		108FF0C02BACF48C00AE6A39 /* ColorExtensions.swift in Sources */ = {isa = PBXBuildFile; fileRef = 108FF0BC2BACF48C00AE6A39 /* ColorExtensions.swift */; };
		108FF0C12BACF48C00AE6A39 /* StringExtensions.swift in Sources */ = {isa = PBXBuildFile; fileRef = 108FF0BD2BACF48C00AE6A39 /* StringExtensions.swift */; };
		108FF0C22BACF48C00AE6A39 /* ViewExtensions.swift in Sources */ = {isa = PBXBuildFile; fileRef = 108FF0BE2BACF48C00AE6A39 /* ViewExtensions.swift */; };
		8E4A85DD251A37600077CDAC /* InformationViewController.swift in Sources */ = {isa = PBXBuildFile; fileRef = 8E4A85DC251A37600077CDAC /* InformationViewController.swift */; };
		8E4A85E2251A37610077CDAC /* Assets.xcassets in Resources */ = {isa = PBXBuildFile; fileRef = 8E4A85E1251A37610077CDAC /* Assets.xcassets */; };
		8E4A85E5251A37610077CDAC /* LaunchScreen.storyboard in Resources */ = {isa = PBXBuildFile; fileRef = 8E4A85E3251A37610077CDAC /* LaunchScreen.storyboard */; };
		8EB3738B2527649700B9B3C0 /* TopViewController.swift in Sources */ = {isa = PBXBuildFile; fileRef = 8EB3738A2527649700B9B3C0 /* TopViewController.swift */; };
		8EF9EA05251B690C00D239C4 /* SK3DViewController.swift in Sources */ = {isa = PBXBuildFile; fileRef = 8EF9EA04251B690C00D239C4 /* SK3DViewController.swift */; };
/* End PBXBuildFile section */

/* Begin PBXFileReference section */
		1027CA772BACF6F8001CCADC /* AlertViews.swift */ = {isa = PBXFileReference; fileEncoding = 4; lastKnownFileType = sourcecode.swift; path = AlertViews.swift; sourceTree = "<group>"; };
		1027CA782BACF6F8001CCADC /* AppDelegate.swift */ = {isa = PBXFileReference; fileEncoding = 4; lastKnownFileType = sourcecode.swift; path = AppDelegate.swift; sourceTree = "<group>"; };
		1027CA7B2BACF6F8001CCADC /* ObjectCollectionHelper.swift */ = {isa = PBXFileReference; fileEncoding = 4; lastKnownFileType = sourcecode.swift; path = ObjectCollectionHelper.swift; sourceTree = "<group>"; };
		1027CA7C2BACF6F8001CCADC /* SceneDelegate.swift */ = {isa = PBXFileReference; fileEncoding = 4; lastKnownFileType = sourcecode.swift; path = SceneDelegate.swift; sourceTree = "<group>"; };
		1027CA842BACF700001CCADC /* hair_height.scn */ = {isa = PBXFileReference; lastKnownFileType = file.bplist; path = hair_height.scn; sourceTree = "<group>"; };
		1027CA852BACF700001CCADC /* Hair.png */ = {isa = PBXFileReference; lastKnownFileType = image.png; path = Hair.png; sourceTree = "<group>"; };
		1027CA892BACF8E3001CCADC /* Main.storyboard */ = {isa = PBXFileReference; fileEncoding = 4; lastKnownFileType = file.storyboard; path = Main.storyboard; sourceTree = "<group>"; };
		1027CA8F2BACF982001CCADC /* ImageDownloader.swift */ = {isa = PBXFileReference; fileEncoding = 4; lastKnownFileType = sourcecode.swift; path = ImageDownloader.swift; sourceTree = "<group>"; };
		1027CA912BACF9D2001CCADC /* CollectionProductInfoHelper.swift */ = {isa = PBXFileReference; fileEncoding = 4; lastKnownFileType = sourcecode.swift; path = CollectionProductInfoHelper.swift; sourceTree = "<group>"; };
		1027CA922BACF9D2001CCADC /* ProductAttributedStringHelper.swift */ = {isa = PBXFileReference; fileEncoding = 4; lastKnownFileType = sourcecode.swift; path = ProductAttributedStringHelper.swift; sourceTree = "<group>"; };
		1027CA932BACF9D2001CCADC /* ProductInfoHelper.swift */ = {isa = PBXFileReference; fileEncoding = 4; lastKnownFileType = sourcecode.swift; path = ProductInfoHelper.swift; sourceTree = "<group>"; };
		1027CA942BACF9D2001CCADC /* ProductModels.swift */ = {isa = PBXFileReference; fileEncoding = 4; lastKnownFileType = sourcecode.swift; path = ProductModels.swift; sourceTree = "<group>"; };
		1027CA9A2BACF9F1001CCADC /* JsonLoader.swift */ = {isa = PBXFileReference; fileEncoding = 4; lastKnownFileType = sourcecode.swift; path = JsonLoader.swift; sourceTree = "<group>"; };
		108FF0B12BACF44B00AE6A39 /* products.json */ = {isa = PBXFileReference; fileEncoding = 4; lastKnownFileType = text.json; path = products.json; sourceTree = "<group>"; };
		108FF0BC2BACF48C00AE6A39 /* ColorExtensions.swift */ = {isa = PBXFileReference; fileEncoding = 4; lastKnownFileType = sourcecode.swift; path = ColorExtensions.swift; sourceTree = "<group>"; };
		108FF0BD2BACF48C00AE6A39 /* StringExtensions.swift */ = {isa = PBXFileReference; fileEncoding = 4; lastKnownFileType = sourcecode.swift; path = StringExtensions.swift; sourceTree = "<group>"; };
		108FF0BE2BACF48C00AE6A39 /* ViewExtensions.swift */ = {isa = PBXFileReference; fileEncoding = 4; lastKnownFileType = sourcecode.swift; path = ViewExtensions.swift; sourceTree = "<group>"; };
		8E4A85D5251A37600077CDAC /* Fadr.app */ = {isa = PBXFileReference; explicitFileType = wrapper.application; includeInIndex = 0; path = Fadr.app; sourceTree = BUILT_PRODUCTS_DIR; };
		8E4A85DC251A37600077CDAC /* InformationViewController.swift */ = {isa = PBXFileReference; lastKnownFileType = sourcecode.swift; path = InformationViewController.swift; sourceTree = "<group>"; };
		8E4A85E1251A37610077CDAC /* Assets.xcassets */ = {isa = PBXFileReference; lastKnownFileType = folder.assetcatalog; path = Assets.xcassets; sourceTree = "<group>"; };
		8E4A85E4251A37610077CDAC /* Base */ = {isa = PBXFileReference; lastKnownFileType = file.storyboard; name = Base; path = Base.lproj/LaunchScreen.storyboard; sourceTree = "<group>"; };
		8E4A85E6251A37610077CDAC /* Info.plist */ = {isa = PBXFileReference; lastKnownFileType = text.plist.xml; path = Info.plist; sourceTree = "<group>"; };
		8EB3738A2527649700B9B3C0 /* TopViewController.swift */ = {isa = PBXFileReference; lastKnownFileType = sourcecode.swift; path = TopViewController.swift; sourceTree = "<group>"; };
		8EF9EA04251B690C00D239C4 /* SK3DViewController.swift */ = {isa = PBXFileReference; lastKnownFileType = sourcecode.swift; path = SK3DViewController.swift; sourceTree = "<group>"; };
/* End PBXFileReference section */

/* Begin PBXFrameworksBuildPhase section */
		8E4A85D2251A37600077CDAC /* Frameworks */ = {
			isa = PBXFrameworksBuildPhase;
			buildActionMask = 2147483647;
			files = (
			);
			runOnlyForDeploymentPostprocessing = 0;
		};
/* End PBXFrameworksBuildPhase section */

/* Begin PBXGroup section */
		1027CA7D2BACF6F8001CCADC /* Utils */ = {
			isa = PBXGroup;
			children = (
				1027CA772BACF6F8001CCADC /* AlertViews.swift */,
				1027CA7B2BACF6F8001CCADC /* ObjectCollectionHelper.swift */,
				1027CA8F2BACF982001CCADC /* ImageDownloader.swift */,
				1027CA9A2BACF9F1001CCADC /* JsonLoader.swift */,
			);
			path = Utils;
			sourceTree = "<group>";
		};
		1027CA862BACF700001CCADC /* 3D Models */ = {
			isa = PBXGroup;
			children = (
				1027CA842BACF700001CCADC /* hair_height.scn */,
				1027CA852BACF700001CCADC /* Hair.png */,
			);
			path = "3D Models";
			sourceTree = "<group>";
		};
		1027CA952BACF9D2001CCADC /* Product Helpers */ = {
			isa = PBXGroup;
			children = (
				1027CA912BACF9D2001CCADC /* CollectionProductInfoHelper.swift */,
				1027CA922BACF9D2001CCADC /* ProductAttributedStringHelper.swift */,
				1027CA932BACF9D2001CCADC /* ProductInfoHelper.swift */,
				1027CA942BACF9D2001CCADC /* ProductModels.swift */,
			);
			path = "Product Helpers";
			sourceTree = "<group>";
		};
		108FF0BF2BACF48C00AE6A39 /* Extensions */ = {
			isa = PBXGroup;
			children = (
				108FF0BC2BACF48C00AE6A39 /* ColorExtensions.swift */,
				108FF0BD2BACF48C00AE6A39 /* StringExtensions.swift */,
				108FF0BE2BACF48C00AE6A39 /* ViewExtensions.swift */,
			);
			name = Extensions;
			path = "../../Shopping-App-iOS-MVC-CoreData/Shoppable_App/ShoppableApp/Extensions";
			sourceTree = "<group>";
		};
		8E4A85CC251A37600077CDAC = {
			isa = PBXGroup;
			children = (
				8E4A85D7251A37600077CDAC /* Fadr */,
				8E4A85D6251A37600077CDAC /* Products */,
			);
			sourceTree = "<group>";
		};
		8E4A85D6251A37600077CDAC /* Products */ = {
			isa = PBXGroup;
			children = (
				8E4A85D5251A37600077CDAC /* Fadr.app */,
			);
			name = Products;
			sourceTree = "<group>";
		};
		8E4A85D7251A37600077CDAC /* Fadr */ = {
			isa = PBXGroup;
			children = (
				1027CA952BACF9D2001CCADC /* Product Helpers */,
				1027CA862BACF700001CCADC /* 3D Models */,
				1027CA7D2BACF6F8001CCADC /* Utils */,
				108FF0BF2BACF48C00AE6A39 /* Extensions */,
				108FF0B12BACF44B00AE6A39 /* products.json */,
				1027CA7C2BACF6F8001CCADC /* SceneDelegate.swift */,
				1027CA782BACF6F8001CCADC /* AppDelegate.swift */,
				8EB3738A2527649700B9B3C0 /* TopViewController.swift */,
				8E4A85DC251A37600077CDAC /* InformationViewController.swift */,
				8EF9EA04251B690C00D239C4 /* SK3DViewController.swift */,
				8E4A85E1251A37610077CDAC /* Assets.xcassets */,
				8E4A85E3251A37610077CDAC /* LaunchScreen.storyboard */,
				8E4A85E6251A37610077CDAC /* Info.plist */,
				1027CA892BACF8E3001CCADC /* Main.storyboard */,
			);
			path = Fadr;
			sourceTree = "<group>";
		};
/* End PBXGroup section */

/* Begin PBXNativeTarget section */
		8E4A85D4251A37600077CDAC /* Fadr */ = {
			isa = PBXNativeTarget;
			buildConfigurationList = 8E4A85E9251A37610077CDAC /* Build configuration list for PBXNativeTarget "Fadr" */;
			buildPhases = (
				8E4A85D1251A37600077CDAC /* Sources */,
				8E4A85D2251A37600077CDAC /* Frameworks */,
				8E4A85D3251A37600077CDAC /* Resources */,
			);
			buildRules = (
			);
			dependencies = (
			);
			name = Fadr;
			productName = AirPodsProMotion;
			productReference = 8E4A85D5251A37600077CDAC /* Fadr.app */;
			productType = "com.apple.product-type.application";
		};
/* End PBXNativeTarget section */

/* Begin PBXProject section */
		8E4A85CD251A37600077CDAC /* Project object */ = {
			isa = PBXProject;
			attributes = {
				BuildIndependentTargetsInParallel = YES;
				LastSwiftUpdateCheck = 1200;
				LastUpgradeCheck = 1530;
				TargetAttributes = {
					8E4A85D4251A37600077CDAC = {
						CreatedOnToolsVersion = 12.0;
					};
				};
			};
			buildConfigurationList = 8E4A85D0251A37600077CDAC /* Build configuration list for PBXProject "Fadr" */;
			compatibilityVersion = "Xcode 9.3";
			developmentRegion = en;
			hasScannedForEncodings = 0;
			knownRegions = (
				en,
				Base,
			);
			mainGroup = 8E4A85CC251A37600077CDAC;
			productRefGroup = 8E4A85D6251A37600077CDAC /* Products */;
			projectDirPath = "";
			projectRoot = "";
			targets = (
				8E4A85D4251A37600077CDAC /* Fadr */,
			);
		};
/* End PBXProject section */

/* Begin PBXResourcesBuildPhase section */
		8E4A85D3251A37600077CDAC /* Resources */ = {
			isa = PBXResourcesBuildPhase;
			buildActionMask = 2147483647;
			files = (
				108FF0B22BACF44B00AE6A39 /* products.json in Resources */,
				1027CA872BACF700001CCADC /* hair_height.scn in Resources */,
				1027CA882BACF700001CCADC /* Hair.png in Resources */,
				1027CA8A2BACF8E3001CCADC /* Main.storyboard in Resources */,
				8E4A85E5251A37610077CDAC /* LaunchScreen.storyboard in Resources */,
				8E4A85E2251A37610077CDAC /* Assets.xcassets in Resources */,
			);
			runOnlyForDeploymentPostprocessing = 0;
		};
/* End PBXResourcesBuildPhase section */

/* Begin PBXSourcesBuildPhase section */
		8E4A85D1251A37600077CDAC /* Sources */ = {
			isa = PBXSourcesBuildPhase;
			buildActionMask = 2147483647;
			files = (
				1027CA7F2BACF6F8001CCADC /* AppDelegate.swift in Sources */,
				8EB3738B2527649700B9B3C0 /* TopViewController.swift in Sources */,
				108FF0C12BACF48C00AE6A39 /* StringExtensions.swift in Sources */,
				1027CA7E2BACF6F8001CCADC /* AlertViews.swift in Sources */,
				1027CA822BACF6F8001CCADC /* ObjectCollectionHelper.swift in Sources */,
				8E4A85DD251A37600077CDAC /* InformationViewController.swift in Sources */,
				1027CA902BACF982001CCADC /* ImageDownloader.swift in Sources */,
				8EF9EA05251B690C00D239C4 /* SK3DViewController.swift in Sources */,
				108FF0C22BACF48C00AE6A39 /* ViewExtensions.swift in Sources */,
				1027CA992BACF9D2001CCADC /* ProductModels.swift in Sources */,
				1027CA982BACF9D2001CCADC /* ProductInfoHelper.swift in Sources */,
				108FF0C02BACF48C00AE6A39 /* ColorExtensions.swift in Sources */,
				1027CA9B2BACF9F1001CCADC /* JsonLoader.swift in Sources */,
				1027CA832BACF6F8001CCADC /* SceneDelegate.swift in Sources */,
				1027CA962BACF9D2001CCADC /* CollectionProductInfoHelper.swift in Sources */,
				1027CA972BACF9D2001CCADC /* ProductAttributedStringHelper.swift in Sources */,
			);
			runOnlyForDeploymentPostprocessing = 0;
		};
/* End PBXSourcesBuildPhase section */

/* Begin PBXVariantGroup section */
		8E4A85E3251A37610077CDAC /* LaunchScreen.storyboard */ = {
			isa = PBXVariantGroup;
			children = (
				8E4A85E4251A37610077CDAC /* Base */,
			);
			name = LaunchScreen.storyboard;
			sourceTree = "<group>";
		};
/* End PBXVariantGroup section */

/* Begin XCBuildConfiguration section */
		8E4A85E7251A37610077CDAC /* Debug */ = {
			isa = XCBuildConfiguration;
			buildSettings = {
				ALWAYS_SEARCH_USER_PATHS = NO;
				CLANG_ANALYZER_NONNULL = YES;
				CLANG_ANALYZER_NUMBER_OBJECT_CONVERSION = YES_AGGRESSIVE;
				CLANG_CXX_LANGUAGE_STANDARD = "gnu++14";
				CLANG_CXX_LIBRARY = "libc++";
				CLANG_ENABLE_MODULES = YES;
				CLANG_ENABLE_OBJC_ARC = YES;
				CLANG_ENABLE_OBJC_WEAK = YES;
				CLANG_WARN_BLOCK_CAPTURE_AUTORELEASING = YES;
				CLANG_WARN_BOOL_CONVERSION = YES;
				CLANG_WARN_COMMA = YES;
				CLANG_WARN_CONSTANT_CONVERSION = YES;
				CLANG_WARN_DEPRECATED_OBJC_IMPLEMENTATIONS = YES;
				CLANG_WARN_DIRECT_OBJC_ISA_USAGE = YES_ERROR;
				CLANG_WARN_DOCUMENTATION_COMMENTS = YES;
				CLANG_WARN_EMPTY_BODY = YES;
				CLANG_WARN_ENUM_CONVERSION = YES;
				CLANG_WARN_INFINITE_RECURSION = YES;
				CLANG_WARN_INT_CONVERSION = YES;
				CLANG_WARN_NON_LITERAL_NULL_CONVERSION = YES;
				CLANG_WARN_OBJC_IMPLICIT_RETAIN_SELF = YES;
				CLANG_WARN_OBJC_LITERAL_CONVERSION = YES;
				CLANG_WARN_OBJC_ROOT_CLASS = YES_ERROR;
				CLANG_WARN_QUOTED_INCLUDE_IN_FRAMEWORK_HEADER = YES;
				CLANG_WARN_RANGE_LOOP_ANALYSIS = YES;
				CLANG_WARN_STRICT_PROTOTYPES = YES;
				CLANG_WARN_SUSPICIOUS_MOVE = YES;
				CLANG_WARN_UNGUARDED_AVAILABILITY = YES_AGGRESSIVE;
				CLANG_WARN_UNREACHABLE_CODE = YES;
				CLANG_WARN__DUPLICATE_METHOD_MATCH = YES;
				COPY_PHASE_STRIP = NO;
				DEBUG_INFORMATION_FORMAT = dwarf;
				ENABLE_STRICT_OBJC_MSGSEND = YES;
				ENABLE_TESTABILITY = YES;
				ENABLE_USER_SCRIPT_SANDBOXING = YES;
				GCC_C_LANGUAGE_STANDARD = gnu11;
				GCC_DYNAMIC_NO_PIC = NO;
				GCC_NO_COMMON_BLOCKS = YES;
				GCC_OPTIMIZATION_LEVEL = 0;
				GCC_PREPROCESSOR_DEFINITIONS = (
					"DEBUG=1",
					"$(inherited)",
				);
				GCC_WARN_64_TO_32_BIT_CONVERSION = YES;
				GCC_WARN_ABOUT_RETURN_TYPE = YES_ERROR;
				GCC_WARN_UNDECLARED_SELECTOR = YES;
				GCC_WARN_UNINITIALIZED_AUTOS = YES_AGGRESSIVE;
				GCC_WARN_UNUSED_FUNCTION = YES;
				GCC_WARN_UNUSED_VARIABLE = YES;
				IPHONEOS_DEPLOYMENT_TARGET = 14.0;
				MTL_ENABLE_DEBUG_INFO = INCLUDE_SOURCE;
				MTL_FAST_MATH = YES;
				ONLY_ACTIVE_ARCH = YES;
				SDKROOT = iphoneos;
				SWIFT_ACTIVE_COMPILATION_CONDITIONS = DEBUG;
				SWIFT_OPTIMIZATION_LEVEL = "-Onone";
			};
			name = Debug;
		};
		8E4A85E8251A37610077CDAC /* Release */ = {
			isa = XCBuildConfiguration;
			buildSettings = {
				ALWAYS_SEARCH_USER_PATHS = NO;
				CLANG_ANALYZER_NONNULL = YES;
				CLANG_ANALYZER_NUMBER_OBJECT_CONVERSION = YES_AGGRESSIVE;
				CLANG_CXX_LANGUAGE_STANDARD = "gnu++14";
				CLANG_CXX_LIBRARY = "libc++";
				CLANG_ENABLE_MODULES = YES;
				CLANG_ENABLE_OBJC_ARC = YES;
				CLANG_ENABLE_OBJC_WEAK = YES;
				CLANG_WARN_BLOCK_CAPTURE_AUTORELEASING = YES;
				CLANG_WARN_BOOL_CONVERSION = YES;
				CLANG_WARN_COMMA = YES;
				CLANG_WARN_CONSTANT_CONVERSION = YES;
				CLANG_WARN_DEPRECATED_OBJC_IMPLEMENTATIONS = YES;
				CLANG_WARN_DIRECT_OBJC_ISA_USAGE = YES_ERROR;
				CLANG_WARN_DOCUMENTATION_COMMENTS = YES;
				CLANG_WARN_EMPTY_BODY = YES;
				CLANG_WARN_ENUM_CONVERSION = YES;
				CLANG_WARN_INFINITE_RECURSION = YES;
				CLANG_WARN_INT_CONVERSION = YES;
				CLANG_WARN_NON_LITERAL_NULL_CONVERSION = YES;
				CLANG_WARN_OBJC_IMPLICIT_RETAIN_SELF = YES;
				CLANG_WARN_OBJC_LITERAL_CONVERSION = YES;
				CLANG_WARN_OBJC_ROOT_CLASS = YES_ERROR;
				CLANG_WARN_QUOTED_INCLUDE_IN_FRAMEWORK_HEADER = YES;
				CLANG_WARN_RANGE_LOOP_ANALYSIS = YES;
				CLANG_WARN_STRICT_PROTOTYPES = YES;
				CLANG_WARN_SUSPICIOUS_MOVE = YES;
				CLANG_WARN_UNGUARDED_AVAILABILITY = YES_AGGRESSIVE;
				CLANG_WARN_UNREACHABLE_CODE = YES;
				CLANG_WARN__DUPLICATE_METHOD_MATCH = YES;
				COPY_PHASE_STRIP = NO;
				DEBUG_INFORMATION_FORMAT = "dwarf-with-dsym";
				ENABLE_NS_ASSERTIONS = NO;
				ENABLE_STRICT_OBJC_MSGSEND = YES;
				ENABLE_USER_SCRIPT_SANDBOXING = YES;
				GCC_C_LANGUAGE_STANDARD = gnu11;
				GCC_NO_COMMON_BLOCKS = YES;
				GCC_WARN_64_TO_32_BIT_CONVERSION = YES;
				GCC_WARN_ABOUT_RETURN_TYPE = YES_ERROR;
				GCC_WARN_UNDECLARED_SELECTOR = YES;
				GCC_WARN_UNINITIALIZED_AUTOS = YES_AGGRESSIVE;
				GCC_WARN_UNUSED_FUNCTION = YES;
				GCC_WARN_UNUSED_VARIABLE = YES;
				IPHONEOS_DEPLOYMENT_TARGET = 14.0;
				MTL_ENABLE_DEBUG_INFO = NO;
				MTL_FAST_MATH = YES;
				SDKROOT = iphoneos;
				SWIFT_COMPILATION_MODE = wholemodule;
				SWIFT_OPTIMIZATION_LEVEL = "-O";
				VALIDATE_PRODUCT = YES;
			};
			name = Release;
		};
		8E4A85EA251A37610077CDAC /* Debug */ = {
			isa = XCBuildConfiguration;
			buildSettings = {
				ASSETCATALOG_COMPILER_APPICON_NAME = AppIcon;
				ASSETCATALOG_COMPILER_GLOBAL_ACCENT_COLOR_NAME = AccentColor;
				CODE_SIGN_IDENTITY = "Apple Development";
				CODE_SIGN_STYLE = Automatic;
				DEVELOPMENT_TEAM = DJU3Y9T9DV;
				INFOPLIST_FILE = Fadr/Info.plist;
				LD_RUNPATH_SEARCH_PATHS = (
					"$(inherited)",
					"@executable_path/Frameworks",
				);
				PRODUCT_BUNDLE_IDENTIFIER = net.chinemerem.APPMotion;
				PRODUCT_NAME = "$(TARGET_NAME)";
				PROVISIONING_PROFILE_SPECIFIER = "";
				SWIFT_VERSION = 5.0;
				TARGETED_DEVICE_FAMILY = "1,2";
			};
			name = Debug;
		};
		8E4A85EB251A37610077CDAC /* Release */ = {
			isa = XCBuildConfiguration;
			buildSettings = {
				ASSETCATALOG_COMPILER_APPICON_NAME = AppIcon;
				ASSETCATALOG_COMPILER_GLOBAL_ACCENT_COLOR_NAME = AccentColor;
				CODE_SIGN_IDENTITY = "Apple Development";
				CODE_SIGN_STYLE = Automatic;
				DEVELOPMENT_TEAM = DJU3Y9T9DV;
				INFOPLIST_FILE = Fadr/Info.plist;
				LD_RUNPATH_SEARCH_PATHS = (
					"$(inherited)",
					"@executable_path/Frameworks",
				);
				PRODUCT_BUNDLE_IDENTIFIER = net.chinemerem.APPMotion;
				PRODUCT_NAME = "$(TARGET_NAME)";
				PROVISIONING_PROFILE_SPECIFIER = "";
				SWIFT_VERSION = 5.0;
				TARGETED_DEVICE_FAMILY = "1,2";
			};
			name = Release;
		};
/* End XCBuildConfiguration section */

/* Begin XCConfigurationList section */
		8E4A85D0251A37600077CDAC /* Build configuration list for PBXProject "Fadr" */ = {
			isa = XCConfigurationList;
			buildConfigurations = (
				8E4A85E7251A37610077CDAC /* Debug */,
				8E4A85E8251A37610077CDAC /* Release */,
			);
			defaultConfigurationIsVisible = 0;
			defaultConfigurationName = Release;
		};
		8E4A85E9251A37610077CDAC /* Build configuration list for PBXNativeTarget "Fadr" */ = {
			isa = XCConfigurationList;
			buildConfigurations = (
				8E4A85EA251A37610077CDAC /* Debug */,
				8E4A85EB251A37610077CDAC /* Release */,
			);
			defaultConfigurationIsVisible = 0;
			defaultConfigurationName = Release;
		};
/* End XCConfigurationList section */
	};
	rootObject = 8E4A85CD251A37600077CDAC /* Project object */;
}
