// !$*UTF8*$!
{
	archiveVersion = 1;
	classes = {
	};
	objectVersion = 54;
	objects = {

/* Begin PBXBuildFile section */
		1027CA7E2BACF6F8001CCADC /* AlertViews.swift in Sources */ = {isa = PBXBuildFile; fileRef = 1027CA772BACF6F8001CCADC /* AlertViews.swift */; };
		1027CA7F2BACF6F8001CCADC /* AppDelegate.swift in Sources */ = {isa = PBXBuildFile; fileRef = 1027CA782BACF6F8001CCADC /* AppDelegate.swift */; };
		1027CA822BACF6F8001CCADC /* ObjectCollectionHelper.swift in Sources */ = {isa = PBXBuildFile; fileRef = 1027CA7B2BACF6F8001CCADC /* ObjectCollectionHelper.swift */; };
		1027CA832BACF6F8001CCADC /* SceneDelegate.swift in Sources */ = {isa = PBXBuildFile; fileRef = 1027CA7C2BACF6F8001CCADC /* SceneDelegate.swift */; };
		1027CA882BACF700001CCADC /* Hair.png in Resources */ = {isa = PBXBuildFile; fileRef = 1027CA852BACF700001CCADC /* Hair.png */; };
		1027CA8A2BACF8E3001CCADC /* Main.storyboard in Resources */ = {isa = PBXBuildFile; fileRef = 1027CA892BACF8E3001CCADC /* Main.storyboard */; };
		1027CA962BACF9D2001CCADC /* CollectionProductInfoHelper.swift in Sources */ = {isa = PBXBuildFile; fileRef = 1027CA912BACF9D2001CCADC /* CollectionProductInfoHelper.swift */; };
		1027CA972BACF9D2001CCADC /* ProductAttributedStringHelper.swift in Sources */ = {isa = PBXBuildFile; fileRef = 1027CA922BACF9D2001CCADC /* ProductAttributedStringHelper.swift */; };
		1027CA992BACF9D2001CCADC /* ProductModels.swift in Sources */ = {isa = PBXBuildFile; fileRef = 1027CA942BACF9D2001CCADC /* ProductModels.swift */; };
		1027CA9B2BACF9F1001CCADC /* JsonLoader.swift in Sources */ = {isa = PBXBuildFile; fileRef = 1027CA9A2BACF9F1001CCADC /* JsonLoader.swift */; };
		1027CAB82BACFADB001CCADC /* ProductCatalogCell.xib in Resources */ = {isa = PBXBuildFile; fileRef = 1027CAA22BACFADB001CCADC /* ProductCatalogCell.xib */; };
		1027CAB92BACFADB001CCADC /* ProductCatalogCell.swift in Sources */ = {isa = PBXBuildFile; fileRef = 1027CAA42BACFADB001CCADC /* ProductCatalogCell.swift */; };
		1027CABA2BACFADB001CCADC /* ProductCatalogVcCollectionDelegate.swift in Sources */ = {isa = PBXBuildFile; fileRef = 1027CAA62BACFADB001CCADC /* ProductCatalogVcCollectionDelegate.swift */; };
		1027CABB2BACFADB001CCADC /* ProductCatalogVcCollectionLayout.swift in Sources */ = {isa = PBXBuildFile; fileRef = 1027CAA72BACFADB001CCADC /* ProductCatalogVcCollectionLayout.swift */; };
		1027CABC2BACFADB001CCADC /* ProductCatalogViewController.swift in Sources */ = {isa = PBXBuildFile; fileRef = 1027CAA92BACFADB001CCADC /* ProductCatalogViewController.swift */; };
		1027CABD2BACFADB001CCADC /* ProductCollectionCell.xib in Resources */ = {isa = PBXBuildFile; fileRef = 1027CAAB2BACFADB001CCADC /* ProductCollectionCell.xib */; };
		1027CABE2BACFADB001CCADC /* ProductCollectionCell.swift in Sources */ = {isa = PBXBuildFile; fileRef = 1027CAAD2BACFADB001CCADC /* ProductCollectionCell.swift */; };
		1027CABF2BACFADB001CCADC /* ProductOverviewVcCollectionDelegate.swift in Sources */ = {isa = PBXBuildFile; fileRef = 1027CAAF2BACFADB001CCADC /* ProductOverviewVcCollectionDelegate.swift */; };
		1027CAC02BACFADB001CCADC /* ProductOverviewVcCollectionLayout.swift in Sources */ = {isa = PBXBuildFile; fileRef = 1027CAB02BACFADB001CCADC /* ProductOverviewVcCollectionLayout.swift */; };
		1027CAC12BACFADB001CCADC /* ProductOverviewViewController.swift in Sources */ = {isa = PBXBuildFile; fileRef = 1027CAB22BACFADB001CCADC /* ProductOverviewViewController.swift */; };
		1027CAC22BACFADB001CCADC /* ProductPageViewController.swift in Sources */ = {isa = PBXBuildFile; fileRef = 1027CAB42BACFADB001CCADC /* ProductPageViewController.swift */; };
		1027CAC72BACFADF001CCADC /* CustomizeViewController.swift in Sources */ = {isa = PBXBuildFile; fileRef = 1027CAC42BACFADF001CCADC /* CustomizeViewController.swift */; };
		1027CAD22BACFCC2001CCADC /* TabBarControllerDelegate.swift in Sources */ = {isa = PBXBuildFile; fileRef = 1027CACE2BACFCC2001CCADC /* TabBarControllerDelegate.swift */; };
		1027CAD32BACFCC2001CCADC /* TabBarController.swift in Sources */ = {isa = PBXBuildFile; fileRef = 1027CAD02BACFCC2001CCADC /* TabBarController.swift */; };
		1027CAD82BAD31AA001CCADC /* high_top_fade.jpg in Resources */ = {isa = PBXBuildFile; fileRef = 1027CAD72BAD31AA001CCADC /* high_top_fade.jpg */; };
		1027CAE02BAD35E4001CCADC /* receding_hairline.jpg in Resources */ = {isa = PBXBuildFile; fileRef = 1027CAD92BAD35E4001CCADC /* receding_hairline.jpg */; };
		1027CAE12BAD35E4001CCADC /* retro_flat_top.jpg in Resources */ = {isa = PBXBuildFile; fileRef = 1027CADA2BAD35E4001CCADC /* retro_flat_top.jpg */; };
		1027CAE22BAD35E4001CCADC /* temple_fade.jpg in Resources */ = {isa = PBXBuildFile; fileRef = 1027CADB2BAD35E4001CCADC /* temple_fade.jpg */; };
		1027CAE32BAD35E4001CCADC /* taper_afro.jpg in Resources */ = {isa = PBXBuildFile; fileRef = 1027CADC2BAD35E4001CCADC /* taper_afro.jpg */; };
		1027CAE42BAD35E4001CCADC /* dread_fade.jpg in Resources */ = {isa = PBXBuildFile; fileRef = 1027CADD2BAD35E4001CCADC /* dread_fade.jpg */; };
		1027CAE52BAD35E4001CCADC /* flat_top_fade.jpg in Resources */ = {isa = PBXBuildFile; fileRef = 1027CADE2BAD35E4001CCADC /* flat_top_fade.jpg */; };
		1027CAE62BAD35E4001CCADC /* low_top_fade.jpg in Resources */ = {isa = PBXBuildFile; fileRef = 1027CADF2BAD35E4001CCADC /* low_top_fade.jpg */; };
		1027CAE82BAD3A00001CCADC /* beard_fade.jpg in Resources */ = {isa = PBXBuildFile; fileRef = 1027CAE72BAD3A00001CCADC /* beard_fade.jpg */; };
		1027CAEB2BAD3D26001CCADC /* beard_collection.png in Resources */ = {isa = PBXBuildFile; fileRef = 1027CAE92BAD3D26001CCADC /* beard_collection.png */; };
		1027CAEC2BAD3D26001CCADC /* hair_collection.png in Resources */ = {isa = PBXBuildFile; fileRef = 1027CAEA2BAD3D26001CCADC /* hair_collection.png */; };
		10613EEE2BB0A1E8008CA5CC /* StringExtensions.swift in Sources */ = {isa = PBXBuildFile; fileRef = 10613EEB2BB0A1E8008CA5CC /* StringExtensions.swift */; };
		10613EEF2BB0A1E8008CA5CC /* ViewExtensions.swift in Sources */ = {isa = PBXBuildFile; fileRef = 10613EEC2BB0A1E8008CA5CC /* ViewExtensions.swift */; };
		10613EF02BB0A1E8008CA5CC /* ColorExtensions.swift in Sources */ = {isa = PBXBuildFile; fileRef = 10613EED2BB0A1E8008CA5CC /* ColorExtensions.swift */; };
		108FF0B22BACF44B00AE6A39 /* products.json in Resources */ = {isa = PBXBuildFile; fileRef = 108FF0B12BACF44B00AE6A39 /* products.json */; };
		10A996F82BB9D2C70095456E /* Disconnected.m4a in Resources */ = {isa = PBXBuildFile; fileRef = 10A996F52BB9D2C70095456E /* Disconnected.m4a */; };
		10A996F92BB9D2C70095456E /* Connected.m4a in Resources */ = {isa = PBXBuildFile; fileRef = 10A996F62BB9D2C70095456E /* Connected.m4a */; };
		10A996FA2BB9D2C70095456E /* Slow.m4a in Resources */ = {isa = PBXBuildFile; fileRef = 10A996F72BB9D2C70095456E /* Slow.m4a */; };
		10A997002BBA29EC0095456E /* hair_height.scn in Resources */ = {isa = PBXBuildFile; fileRef = 10A996FF2BBA29EC0095456E /* hair_height.scn */; };
		8E4A85DD251A37600077CDAC /* InformationViewController.swift in Sources */ = {isa = PBXBuildFile; fileRef = 8E4A85DC251A37600077CDAC /* InformationViewController.swift */; };
		8E4A85E2251A37610077CDAC /* Assets.xcassets in Resources */ = {isa = PBXBuildFile; fileRef = 8E4A85E1251A37610077CDAC /* Assets.xcassets */; };
		8E4A85E5251A37610077CDAC /* LaunchScreen.storyboard in Resources */ = {isa = PBXBuildFile; fileRef = 8E4A85E3251A37610077CDAC /* LaunchScreen.storyboard */; };
/* End PBXBuildFile section */

/* Begin PBXFileReference section */
		1027CA772BACF6F8001CCADC /* AlertViews.swift */ = {isa = PBXFileReference; fileEncoding = 4; lastKnownFileType = sourcecode.swift; path = AlertViews.swift; sourceTree = "<group>"; };
		1027CA782BACF6F8001CCADC /* AppDelegate.swift */ = {isa = PBXFileReference; fileEncoding = 4; lastKnownFileType = sourcecode.swift; path = AppDelegate.swift; sourceTree = "<group>"; };
		1027CA7B2BACF6F8001CCADC /* ObjectCollectionHelper.swift */ = {isa = PBXFileReference; fileEncoding = 4; lastKnownFileType = sourcecode.swift; path = ObjectCollectionHelper.swift; sourceTree = "<group>"; };
		1027CA7C2BACF6F8001CCADC /* SceneDelegate.swift */ = {isa = PBXFileReference; fileEncoding = 4; lastKnownFileType = sourcecode.swift; path = SceneDelegate.swift; sourceTree = "<group>"; };
		1027CA852BACF700001CCADC /* Hair.png */ = {isa = PBXFileReference; lastKnownFileType = image.png; path = Hair.png; sourceTree = "<group>"; };
		1027CA892BACF8E3001CCADC /* Main.storyboard */ = {isa = PBXFileReference; fileEncoding = 4; lastKnownFileType = file.storyboard; path = Main.storyboard; sourceTree = "<group>"; };
		1027CA912BACF9D2001CCADC /* CollectionProductInfoHelper.swift */ = {isa = PBXFileReference; fileEncoding = 4; lastKnownFileType = sourcecode.swift; path = CollectionProductInfoHelper.swift; sourceTree = "<group>"; };
		1027CA922BACF9D2001CCADC /* ProductAttributedStringHelper.swift */ = {isa = PBXFileReference; fileEncoding = 4; lastKnownFileType = sourcecode.swift; path = ProductAttributedStringHelper.swift; sourceTree = "<group>"; };
		1027CA942BACF9D2001CCADC /* ProductModels.swift */ = {isa = PBXFileReference; fileEncoding = 4; lastKnownFileType = sourcecode.swift; path = ProductModels.swift; sourceTree = "<group>"; };
		1027CA9A2BACF9F1001CCADC /* JsonLoader.swift */ = {isa = PBXFileReference; fileEncoding = 4; lastKnownFileType = sourcecode.swift; path = JsonLoader.swift; sourceTree = "<group>"; };
		1027CAA22BACFADB001CCADC /* ProductCatalogCell.xib */ = {isa = PBXFileReference; fileEncoding = 4; lastKnownFileType = file.xib; path = ProductCatalogCell.xib; sourceTree = "<group>"; };
		1027CAA42BACFADB001CCADC /* ProductCatalogCell.swift */ = {isa = PBXFileReference; fileEncoding = 4; lastKnownFileType = sourcecode.swift; path = ProductCatalogCell.swift; sourceTree = "<group>"; };
		1027CAA62BACFADB001CCADC /* ProductCatalogVcCollectionDelegate.swift */ = {isa = PBXFileReference; fileEncoding = 4; lastKnownFileType = sourcecode.swift; path = ProductCatalogVcCollectionDelegate.swift; sourceTree = "<group>"; };
		1027CAA72BACFADB001CCADC /* ProductCatalogVcCollectionLayout.swift */ = {isa = PBXFileReference; fileEncoding = 4; lastKnownFileType = sourcecode.swift; path = ProductCatalogVcCollectionLayout.swift; sourceTree = "<group>"; };
		1027CAA92BACFADB001CCADC /* ProductCatalogViewController.swift */ = {isa = PBXFileReference; fileEncoding = 4; lastKnownFileType = sourcecode.swift; path = ProductCatalogViewController.swift; sourceTree = "<group>"; };
		1027CAAB2BACFADB001CCADC /* ProductCollectionCell.xib */ = {isa = PBXFileReference; fileEncoding = 4; lastKnownFileType = file.xib; path = ProductCollectionCell.xib; sourceTree = "<group>"; };
		1027CAAD2BACFADB001CCADC /* ProductCollectionCell.swift */ = {isa = PBXFileReference; fileEncoding = 4; lastKnownFileType = sourcecode.swift; path = ProductCollectionCell.swift; sourceTree = "<group>"; };
		1027CAAF2BACFADB001CCADC /* ProductOverviewVcCollectionDelegate.swift */ = {isa = PBXFileReference; fileEncoding = 4; lastKnownFileType = sourcecode.swift; path = ProductOverviewVcCollectionDelegate.swift; sourceTree = "<group>"; };
		1027CAB02BACFADB001CCADC /* ProductOverviewVcCollectionLayout.swift */ = {isa = PBXFileReference; fileEncoding = 4; lastKnownFileType = sourcecode.swift; path = ProductOverviewVcCollectionLayout.swift; sourceTree = "<group>"; };
		1027CAB22BACFADB001CCADC /* ProductOverviewViewController.swift */ = {isa = PBXFileReference; fileEncoding = 4; lastKnownFileType = sourcecode.swift; path = ProductOverviewViewController.swift; sourceTree = "<group>"; };
		1027CAB42BACFADB001CCADC /* ProductPageViewController.swift */ = {isa = PBXFileReference; fileEncoding = 4; lastKnownFileType = sourcecode.swift; path = ProductPageViewController.swift; sourceTree = "<group>"; };
		1027CAC42BACFADF001CCADC /* CustomizeViewController.swift */ = {isa = PBXFileReference; fileEncoding = 4; lastKnownFileType = sourcecode.swift; path = CustomizeViewController.swift; sourceTree = "<group>"; };
		1027CACE2BACFCC2001CCADC /* TabBarControllerDelegate.swift */ = {isa = PBXFileReference; fileEncoding = 4; lastKnownFileType = sourcecode.swift; path = TabBarControllerDelegate.swift; sourceTree = "<group>"; };
		1027CAD02BACFCC2001CCADC /* TabBarController.swift */ = {isa = PBXFileReference; fileEncoding = 4; lastKnownFileType = sourcecode.swift; path = TabBarController.swift; sourceTree = "<group>"; };
		1027CAD72BAD31AA001CCADC /* high_top_fade.jpg */ = {isa = PBXFileReference; lastKnownFileType = image.jpeg; path = high_top_fade.jpg; sourceTree = "<group>"; };
		1027CAD92BAD35E4001CCADC /* receding_hairline.jpg */ = {isa = PBXFileReference; lastKnownFileType = image.jpeg; path = receding_hairline.jpg; sourceTree = "<group>"; };
		1027CADA2BAD35E4001CCADC /* retro_flat_top.jpg */ = {isa = PBXFileReference; lastKnownFileType = image.jpeg; path = retro_flat_top.jpg; sourceTree = "<group>"; };
		1027CADB2BAD35E4001CCADC /* temple_fade.jpg */ = {isa = PBXFileReference; lastKnownFileType = image.jpeg; path = temple_fade.jpg; sourceTree = "<group>"; };
		1027CADC2BAD35E4001CCADC /* taper_afro.jpg */ = {isa = PBXFileReference; lastKnownFileType = image.jpeg; path = taper_afro.jpg; sourceTree = "<group>"; };
		1027CADD2BAD35E4001CCADC /* dread_fade.jpg */ = {isa = PBXFileReference; lastKnownFileType = image.jpeg; path = dread_fade.jpg; sourceTree = "<group>"; };
		1027CADE2BAD35E4001CCADC /* flat_top_fade.jpg */ = {isa = PBXFileReference; lastKnownFileType = image.jpeg; path = flat_top_fade.jpg; sourceTree = "<group>"; };
		1027CADF2BAD35E4001CCADC /* low_top_fade.jpg */ = {isa = PBXFileReference; lastKnownFileType = image.jpeg; path = low_top_fade.jpg; sourceTree = "<group>"; };
		1027CAE72BAD3A00001CCADC /* beard_fade.jpg */ = {isa = PBXFileReference; lastKnownFileType = image.jpeg; path = beard_fade.jpg; sourceTree = "<group>"; };
		1027CAE92BAD3D26001CCADC /* beard_collection.png */ = {isa = PBXFileReference; lastKnownFileType = image.png; path = beard_collection.png; sourceTree = "<group>"; };
		1027CAEA2BAD3D26001CCADC /* hair_collection.png */ = {isa = PBXFileReference; lastKnownFileType = image.png; path = hair_collection.png; sourceTree = "<group>"; };
		10613EEB2BB0A1E8008CA5CC /* StringExtensions.swift */ = {isa = PBXFileReference; fileEncoding = 4; lastKnownFileType = sourcecode.swift; path = StringExtensions.swift; sourceTree = "<group>"; };
		10613EEC2BB0A1E8008CA5CC /* ViewExtensions.swift */ = {isa = PBXFileReference; fileEncoding = 4; lastKnownFileType = sourcecode.swift; path = ViewExtensions.swift; sourceTree = "<group>"; };
		10613EED2BB0A1E8008CA5CC /* ColorExtensions.swift */ = {isa = PBXFileReference; fileEncoding = 4; lastKnownFileType = sourcecode.swift; path = ColorExtensions.swift; sourceTree = "<group>"; };
		108FF0B12BACF44B00AE6A39 /* products.json */ = {isa = PBXFileReference; fileEncoding = 4; lastKnownFileType = text.json; path = products.json; sourceTree = "<group>"; };
		10A996F52BB9D2C70095456E /* Disconnected.m4a */ = {isa = PBXFileReference; lastKnownFileType = file; path = Disconnected.m4a; sourceTree = "<group>"; };
		10A996F62BB9D2C70095456E /* Connected.m4a */ = {isa = PBXFileReference; lastKnownFileType = file; path = Connected.m4a; sourceTree = "<group>"; };
		10A996F72BB9D2C70095456E /* Slow.m4a */ = {isa = PBXFileReference; lastKnownFileType = file; path = Slow.m4a; sourceTree = "<group>"; };
		10A996FF2BBA29EC0095456E /* hair_height.scn */ = {isa = PBXFileReference; lastKnownFileType = file.bplist; path = hair_height.scn; sourceTree = "<group>"; };
		8E4A85D5251A37600077CDAC /* Fadr.app */ = {isa = PBXFileReference; explicitFileType = wrapper.application; includeInIndex = 0; path = Fadr.app; sourceTree = BUILT_PRODUCTS_DIR; };
		8E4A85DC251A37600077CDAC /* InformationViewController.swift */ = {isa = PBXFileReference; lastKnownFileType = sourcecode.swift; path = InformationViewController.swift; sourceTree = "<group>"; };
		8E4A85E1251A37610077CDAC /* Assets.xcassets */ = {isa = PBXFileReference; lastKnownFileType = folder.assetcatalog; path = Assets.xcassets; sourceTree = "<group>"; };
		8E4A85E4251A37610077CDAC /* Base */ = {isa = PBXFileReference; lastKnownFileType = file.storyboard; name = Base; path = Base.lproj/LaunchScreen.storyboard; sourceTree = "<group>"; };
		8E4A85E6251A37610077CDAC /* Info.plist */ = {isa = PBXFileReference; lastKnownFileType = text.plist.xml; path = Info.plist; sourceTree = "<group>"; };
/* End PBXFileReference section */

/* Begin PBXFrameworksBuildPhase section */
		8E4A85D2251A37600077CDAC /* Frameworks */ = {
			isa = PBXFrameworksBuildPhase;
			buildActionMask = 2147483647;
			files = (
			);
			runOnlyForDeploymentPostprocessing = 0;
		};
/* End PBXFrameworksBuildPhase section */

/* Begin PBXGroup section */
		1027CA7D2BACF6F8001CCADC /* Utils */ = {
			isa = PBXGroup;
			children = (
				1027CA772BACF6F8001CCADC /* AlertViews.swift */,
				1027CA7B2BACF6F8001CCADC /* ObjectCollectionHelper.swift */,
				1027CA9A2BACF9F1001CCADC /* JsonLoader.swift */,
			);
			path = Utils;
			sourceTree = "<group>";
		};
		1027CA862BACF700001CCADC /* 3D */ = {
			isa = PBXGroup;
			children = (
				10A996FF2BBA29EC0095456E /* hair_height.scn */,
				1027CA852BACF700001CCADC /* Hair.png */,
			);
			path = 3D;
			sourceTree = "<group>";
		};
		1027CA952BACF9D2001CCADC /* Product Helpers */ = {
			isa = PBXGroup;
			children = (
				1027CA912BACF9D2001CCADC /* CollectionProductInfoHelper.swift */,
				1027CA922BACF9D2001CCADC /* ProductAttributedStringHelper.swift */,
				1027CA942BACF9D2001CCADC /* ProductModels.swift */,
			);
			path = "Product Helpers";
			sourceTree = "<group>";
		};
		1027CAA32BACFADB001CCADC /* View */ = {
			isa = PBXGroup;
			children = (
				1027CAA22BACFADB001CCADC /* ProductCatalogCell.xib */,
			);
			path = View;
			sourceTree = "<group>";
		};
		1027CAA52BACFADB001CCADC /* CollectionCell */ = {
			isa = PBXGroup;
			children = (
				1027CAA32BACFADB001CCADC /* View */,
				1027CAA42BACFADB001CCADC /* ProductCatalogCell.swift */,
			);
			path = CollectionCell;
			sourceTree = "<group>";
		};
		1027CAA82BACFADB001CCADC /* Delegates */ = {
			isa = PBXGroup;
			children = (
				1027CAA62BACFADB001CCADC /* ProductCatalogVcCollectionDelegate.swift */,
				1027CAA72BACFADB001CCADC /* ProductCatalogVcCollectionLayout.swift */,
			);
			path = Delegates;
			sourceTree = "<group>";
		};
		1027CAAA2BACFADB001CCADC /* ProductCatalogViewController */ = {
			isa = PBXGroup;
			children = (
				1027CAA52BACFADB001CCADC /* CollectionCell */,
				1027CAA82BACFADB001CCADC /* Delegates */,
				1027CAA92BACFADB001CCADC /* ProductCatalogViewController.swift */,
			);
			path = ProductCatalogViewController;
			sourceTree = "<group>";
		};
		1027CAAC2BACFADB001CCADC /* View */ = {
			isa = PBXGroup;
			children = (
				1027CAAB2BACFADB001CCADC /* ProductCollectionCell.xib */,
			);
			path = View;
			sourceTree = "<group>";
		};
		1027CAAE2BACFADB001CCADC /* CollectionCell */ = {
			isa = PBXGroup;
			children = (
				1027CAAC2BACFADB001CCADC /* View */,
				1027CAAD2BACFADB001CCADC /* ProductCollectionCell.swift */,
			);
			path = CollectionCell;
			sourceTree = "<group>";
		};
		1027CAB12BACFADB001CCADC /* Delegates */ = {
			isa = PBXGroup;
			children = (
				1027CAAF2BACFADB001CCADC /* ProductOverviewVcCollectionDelegate.swift */,
				1027CAB02BACFADB001CCADC /* ProductOverviewVcCollectionLayout.swift */,
			);
			path = Delegates;
			sourceTree = "<group>";
		};
		1027CAB32BACFADB001CCADC /* ProductCollectionsController */ = {
			isa = PBXGroup;
			children = (
				1027CAAE2BACFADB001CCADC /* CollectionCell */,
				1027CAB12BACFADB001CCADC /* Delegates */,
				1027CAB22BACFADB001CCADC /* ProductOverviewViewController.swift */,
			);
			path = ProductCollectionsController;
			sourceTree = "<group>";
		};
		1027CAB62BACFADB001CCADC /* ProductPageViewController */ = {
			isa = PBXGroup;
			children = (
				1027CAB42BACFADB001CCADC /* ProductPageViewController.swift */,
			);
			path = ProductPageViewController;
			sourceTree = "<group>";
		};
		1027CAB72BACFADB001CCADC /* Collections */ = {
			isa = PBXGroup;
			children = (
				1027CAAA2BACFADB001CCADC /* ProductCatalogViewController */,
				1027CAB32BACFADB001CCADC /* ProductCollectionsController */,
				1027CAB62BACFADB001CCADC /* ProductPageViewController */,
			);
			path = Collections;
			sourceTree = "<group>";
		};
		1027CAC52BACFADF001CCADC /* CustomizeViewController */ = {
			isa = PBXGroup;
			children = (
				1027CAC42BACFADF001CCADC /* CustomizeViewController.swift */,
			);
			path = CustomizeViewController;
			sourceTree = "<group>";
		};
		1027CAC62BACFADF001CCADC /* Customize */ = {
			isa = PBXGroup;
			children = (
				1027CAC52BACFADF001CCADC /* CustomizeViewController */,
			);
			path = Customize;
			sourceTree = "<group>";
		};
		1027CACF2BACFCC2001CCADC /* Delegates */ = {
			isa = PBXGroup;
			children = (
				1027CACE2BACFCC2001CCADC /* TabBarControllerDelegate.swift */,
			);
			path = Delegates;
			sourceTree = "<group>";
		};
		1027CAD12BACFCC2001CCADC /* TabBarController */ = {
			isa = PBXGroup;
			children = (
				1027CACF2BACFCC2001CCADC /* Delegates */,
				1027CAD02BACFCC2001CCADC /* TabBarController.swift */,
			);
			path = TabBarController;
			sourceTree = "<group>";
		};
		1027CAD42BAD2FE7001CCADC /* Pictures */ = {
			isa = PBXGroup;
			children = (
				1027CAE92BAD3D26001CCADC /* beard_collection.png */,
				1027CAE72BAD3A00001CCADC /* beard_fade.jpg */,
				1027CADD2BAD35E4001CCADC /* dread_fade.jpg */,
				1027CADE2BAD35E4001CCADC /* flat_top_fade.jpg */,
				1027CAEA2BAD3D26001CCADC /* hair_collection.png */,
				1027CAD72BAD31AA001CCADC /* high_top_fade.jpg */,
				1027CADF2BAD35E4001CCADC /* low_top_fade.jpg */,
				1027CAD92BAD35E4001CCADC /* receding_hairline.jpg */,
				1027CADA2BAD35E4001CCADC /* retro_flat_top.jpg */,
				1027CADC2BAD35E4001CCADC /* taper_afro.jpg */,
				1027CADB2BAD35E4001CCADC /* temple_fade.jpg */,
			);
			path = Pictures;
			sourceTree = "<group>";
		};
		108FF0BF2BACF48C00AE6A39 /* Extensions */ = {
			isa = PBXGroup;
			children = (
				10613EED2BB0A1E8008CA5CC /* ColorExtensions.swift */,
				10613EEB2BB0A1E8008CA5CC /* StringExtensions.swift */,
				10613EEC2BB0A1E8008CA5CC /* ViewExtensions.swift */,
			);
			path = Extensions;
			sourceTree = "<group>";
		};
		10A996F42BB9BFF70095456E /* Audio */ = {
			isa = PBXGroup;
			children = (
				10A996F62BB9D2C70095456E /* Connected.m4a */,
				10A996F52BB9D2C70095456E /* Disconnected.m4a */,
				10A996F72BB9D2C70095456E /* Slow.m4a */,
			);
			path = Audio;
			sourceTree = "<group>";
		};
		8E4A85CC251A37600077CDAC = {
			isa = PBXGroup;
			children = (
				8E4A85D7251A37600077CDAC /* Fadr */,
				8E4A85D6251A37600077CDAC /* Products */,
			);
			sourceTree = "<group>";
		};
		8E4A85D6251A37600077CDAC /* Products */ = {
			isa = PBXGroup;
			children = (
				8E4A85D5251A37600077CDAC /* Fadr.app */,
			);
			name = Products;
			sourceTree = "<group>";
		};
		8E4A85D7251A37600077CDAC /* Fadr */ = {
			isa = PBXGroup;
			children = (
				1027CA862BACF700001CCADC /* 3D */,
				10A996F42BB9BFF70095456E /* Audio */,
				1027CAB72BACFADB001CCADC /* Collections */,
				1027CAC62BACFADF001CCADC /* Customize */,
				108FF0BF2BACF48C00AE6A39 /* Extensions */,
				1027CAD42BAD2FE7001CCADC /* Pictures */,
				1027CA952BACF9D2001CCADC /* Product Helpers */,
				1027CAD12BACFCC2001CCADC /* TabBarController */,
				1027CA7D2BACF6F8001CCADC /* Utils */,
				1027CA782BACF6F8001CCADC /* AppDelegate.swift */,
				8E4A85DC251A37600077CDAC /* InformationViewController.swift */,
				1027CA7C2BACF6F8001CCADC /* SceneDelegate.swift */,
				1027CA892BACF8E3001CCADC /* Main.storyboard */,
				8E4A85E3251A37610077CDAC /* LaunchScreen.storyboard */,
				108FF0B12BACF44B00AE6A39 /* products.json */,
				8E4A85E6251A37610077CDAC /* Info.plist */,
				8E4A85E1251A37610077CDAC /* Assets.xcassets */,
			);
			path = Fadr;
			sourceTree = "<group>";
		};
/* End PBXGroup section */

/* Begin PBXNativeTarget section */
		8E4A85D4251A37600077CDAC /* Fadr */ = {
			isa = PBXNativeTarget;
			buildConfigurationList = 8E4A85E9251A37610077CDAC /* Build configuration list for PBXNativeTarget "Fadr" */;
			buildPhases = (
				8E4A85D1251A37600077CDAC /* Sources */,
				8E4A85D2251A37600077CDAC /* Frameworks */,
				8E4A85D3251A37600077CDAC /* Resources */,
			);
			buildRules = (
			);
			dependencies = (
			);
			name = Fadr;
			productName = AirPodsProMotion;
			productReference = 8E4A85D5251A37600077CDAC /* Fadr.app */;
			productType = "com.apple.product-type.application";
		};
/* End PBXNativeTarget section */

/* Begin PBXProject section */
		8E4A85CD251A37600077CDAC /* Project object */ = {
			isa = PBXProject;
			attributes = {
				BuildIndependentTargetsInParallel = YES;
				LastSwiftUpdateCheck = 1200;
				LastUpgradeCheck = 1530;
				TargetAttributes = {
					8E4A85D4251A37600077CDAC = {
						CreatedOnToolsVersion = 12.0;
					};
				};
			};
			buildConfigurationList = 8E4A85D0251A37600077CDAC /* Build configuration list for PBXProject "Fadr" */;
			compatibilityVersion = "Xcode 9.3";
			developmentRegion = en;
			hasScannedForEncodings = 0;
			knownRegions = (
				en,
				Base,
			);
			mainGroup = 8E4A85CC251A37600077CDAC;
			productRefGroup = 8E4A85D6251A37600077CDAC /* Products */;
			projectDirPath = "";
			projectRoot = "";
			targets = (
				8E4A85D4251A37600077CDAC /* Fadr */,
			);
		};
/* End PBXProject section */

/* Begin PBXResourcesBuildPhase section */
		8E4A85D3251A37600077CDAC /* Resources */ = {
			isa = PBXResourcesBuildPhase;
			buildActionMask = 2147483647;
			files = (
				1027CAEB2BAD3D26001CCADC /* beard_collection.png in Resources */,
				1027CAE22BAD35E4001CCADC /* temple_fade.jpg in Resources */,
				1027CAE02BAD35E4001CCADC /* receding_hairline.jpg in Resources */,
				1027CAEC2BAD3D26001CCADC /* hair_collection.png in Resources */,
				1027CAE62BAD35E4001CCADC /* low_top_fade.jpg in Resources */,
				1027CAE42BAD35E4001CCADC /* dread_fade.jpg in Resources */,
				108FF0B22BACF44B00AE6A39 /* products.json in Resources */,
				1027CAB82BACFADB001CCADC /* ProductCatalogCell.xib in Resources */,
				1027CA882BACF700001CCADC /* Hair.png in Resources */,
				1027CAE12BAD35E4001CCADC /* retro_flat_top.jpg in Resources */,
				1027CA8A2BACF8E3001CCADC /* Main.storyboard in Resources */,
				8E4A85E5251A37610077CDAC /* LaunchScreen.storyboard in Resources */,
				1027CAE52BAD35E4001CCADC /* flat_top_fade.jpg in Resources */,
				1027CAD82BAD31AA001CCADC /* high_top_fade.jpg in Resources */,
				1027CAE82BAD3A00001CCADC /* beard_fade.jpg in Resources */,
				10A996FA2BB9D2C70095456E /* Slow.m4a in Resources */,
				10A996F82BB9D2C70095456E /* Disconnected.m4a in Resources */,
				8E4A85E2251A37610077CDAC /* Assets.xcassets in Resources */,
				1027CABD2BACFADB001CCADC /* ProductCollectionCell.xib in Resources */,
				1027CAE32BAD35E4001CCADC /* taper_afro.jpg in Resources */,
				10A996F92BB9D2C70095456E /* Connected.m4a in Resources */,
				10A997002BBA29EC0095456E /* hair_height.scn in Resources */,
			);
			runOnlyForDeploymentPostprocessing = 0;
		};
/* End PBXResourcesBuildPhase section */

/* Begin PBXSourcesBuildPhase section */
		8E4A85D1251A37600077CDAC /* Sources */ = {
			isa = PBXSourcesBuildPhase;
			buildActionMask = 2147483647;
			files = (
				1027CABF2BACFADB001CCADC /* ProductOverviewVcCollectionDelegate.swift in Sources */,
				1027CA7F2BACF6F8001CCADC /* AppDelegate.swift in Sources */,
				1027CAC22BACFADB001CCADC /* ProductPageViewController.swift in Sources */,
				1027CABA2BACFADB001CCADC /* ProductCatalogVcCollectionDelegate.swift in Sources */,
				1027CA7E2BACF6F8001CCADC /* AlertViews.swift in Sources */,
				1027CA822BACF6F8001CCADC /* ObjectCollectionHelper.swift in Sources */,
				10613EEE2BB0A1E8008CA5CC /* StringExtensions.swift in Sources */,
				8E4A85DD251A37600077CDAC /* InformationViewController.swift in Sources */,
				1027CABC2BACFADB001CCADC /* ProductCatalogViewController.swift in Sources */,
				1027CABE2BACFADB001CCADC /* ProductCollectionCell.swift in Sources */,
				1027CAB92BACFADB001CCADC /* ProductCatalogCell.swift in Sources */,
				1027CAC72BACFADF001CCADC /* CustomizeViewController.swift in Sources */,
				1027CAC12BACFADB001CCADC /* ProductOverviewViewController.swift in Sources */,
				1027CA992BACF9D2001CCADC /* ProductModels.swift in Sources */,
				1027CAD22BACFCC2001CCADC /* TabBarControllerDelegate.swift in Sources */,
				1027CAC02BACFADB001CCADC /* ProductOverviewVcCollectionLayout.swift in Sources */,
				10613EEF2BB0A1E8008CA5CC /* ViewExtensions.swift in Sources */,
				1027CA9B2BACF9F1001CCADC /* JsonLoader.swift in Sources */,
				1027CA832BACF6F8001CCADC /* SceneDelegate.swift in Sources */,
				1027CABB2BACFADB001CCADC /* ProductCatalogVcCollectionLayout.swift in Sources */,
				1027CA962BACF9D2001CCADC /* CollectionProductInfoHelper.swift in Sources */,
				1027CAD32BACFCC2001CCADC /* TabBarController.swift in Sources */,
				1027CA972BACF9D2001CCADC /* ProductAttributedStringHelper.swift in Sources */,
				10613EF02BB0A1E8008CA5CC /* ColorExtensions.swift in Sources */,
			);
			runOnlyForDeploymentPostprocessing = 0;
		};
/* End PBXSourcesBuildPhase section */

/* Begin PBXVariantGroup section */
		8E4A85E3251A37610077CDAC /* LaunchScreen.storyboard */ = {
			isa = PBXVariantGroup;
			children = (
				8E4A85E4251A37610077CDAC /* Base */,
			);
			name = LaunchScreen.storyboard;
			sourceTree = "<group>";
		};
/* End PBXVariantGroup section */

/* Begin XCBuildConfiguration section */
		8E4A85E7251A37610077CDAC /* Debug */ = {
			isa = XCBuildConfiguration;
			buildSettings = {
				ALWAYS_SEARCH_USER_PATHS = NO;
				CLANG_ANALYZER_NONNULL = YES;
				CLANG_ANALYZER_NUMBER_OBJECT_CONVERSION = YES_AGGRESSIVE;
				CLANG_CXX_LANGUAGE_STANDARD = "gnu++14";
				CLANG_CXX_LIBRARY = "libc++";
				CLANG_ENABLE_MODULES = YES;
				CLANG_ENABLE_OBJC_ARC = YES;
				CLANG_ENABLE_OBJC_WEAK = YES;
				CLANG_WARN_BLOCK_CAPTURE_AUTORELEASING = YES;
				CLANG_WARN_BOOL_CONVERSION = YES;
				CLANG_WARN_COMMA = YES;
				CLANG_WARN_CONSTANT_CONVERSION = YES;
				CLANG_WARN_DEPRECATED_OBJC_IMPLEMENTATIONS = YES;
				CLANG_WARN_DIRECT_OBJC_ISA_USAGE = YES_ERROR;
				CLANG_WARN_DOCUMENTATION_COMMENTS = YES;
				CLANG_WARN_EMPTY_BODY = YES;
				CLANG_WARN_ENUM_CONVERSION = YES;
				CLANG_WARN_INFINITE_RECURSION = YES;
				CLANG_WARN_INT_CONVERSION = YES;
				CLANG_WARN_NON_LITERAL_NULL_CONVERSION = YES;
				CLANG_WARN_OBJC_IMPLICIT_RETAIN_SELF = YES;
				CLANG_WARN_OBJC_LITERAL_CONVERSION = YES;
				CLANG_WARN_OBJC_ROOT_CLASS = YES_ERROR;
				CLANG_WARN_QUOTED_INCLUDE_IN_FRAMEWORK_HEADER = YES;
				CLANG_WARN_RANGE_LOOP_ANALYSIS = YES;
				CLANG_WARN_STRICT_PROTOTYPES = YES;
				CLANG_WARN_SUSPICIOUS_MOVE = YES;
				CLANG_WARN_UNGUARDED_AVAILABILITY = YES_AGGRESSIVE;
				CLANG_WARN_UNREACHABLE_CODE = YES;
				CLANG_WARN__DUPLICATE_METHOD_MATCH = YES;
				COPY_PHASE_STRIP = NO;
				DEBUG_INFORMATION_FORMAT = dwarf;
				ENABLE_STRICT_OBJC_MSGSEND = YES;
				ENABLE_TESTABILITY = YES;
				ENABLE_USER_SCRIPT_SANDBOXING = YES;
				GCC_C_LANGUAGE_STANDARD = gnu11;
				GCC_DYNAMIC_NO_PIC = NO;
				GCC_NO_COMMON_BLOCKS = YES;
				GCC_OPTIMIZATION_LEVEL = 0;
				GCC_PREPROCESSOR_DEFINITIONS = (
					"DEBUG=1",
					"$(inherited)",
				);
				GCC_WARN_64_TO_32_BIT_CONVERSION = YES;
				GCC_WARN_ABOUT_RETURN_TYPE = YES_ERROR;
				GCC_WARN_UNDECLARED_SELECTOR = YES;
				GCC_WARN_UNINITIALIZED_AUTOS = YES_AGGRESSIVE;
				GCC_WARN_UNUSED_FUNCTION = YES;
				GCC_WARN_UNUSED_VARIABLE = YES;
				IPHONEOS_DEPLOYMENT_TARGET = 14.0;
				MTL_ENABLE_DEBUG_INFO = INCLUDE_SOURCE;
				MTL_FAST_MATH = YES;
				ONLY_ACTIVE_ARCH = YES;
				SDKROOT = iphoneos;
				SWIFT_ACTIVE_COMPILATION_CONDITIONS = DEBUG;
				SWIFT_OPTIMIZATION_LEVEL = "-Onone";
			};
			name = Debug;
		};
		8E4A85E8251A37610077CDAC /* Release */ = {
			isa = XCBuildConfiguration;
			buildSettings = {
				ALWAYS_SEARCH_USER_PATHS = NO;
				CLANG_ANALYZER_NONNULL = YES;
				CLANG_ANALYZER_NUMBER_OBJECT_CONVERSION = YES_AGGRESSIVE;
				CLANG_CXX_LANGUAGE_STANDARD = "gnu++14";
				CLANG_CXX_LIBRARY = "libc++";
				CLANG_ENABLE_MODULES = YES;
				CLANG_ENABLE_OBJC_ARC = YES;
				CLANG_ENABLE_OBJC_WEAK = YES;
				CLANG_WARN_BLOCK_CAPTURE_AUTORELEASING = YES;
				CLANG_WARN_BOOL_CONVERSION = YES;
				CLANG_WARN_COMMA = YES;
				CLANG_WARN_CONSTANT_CONVERSION = YES;
				CLANG_WARN_DEPRECATED_OBJC_IMPLEMENTATIONS = YES;
				CLANG_WARN_DIRECT_OBJC_ISA_USAGE = YES_ERROR;
				CLANG_WARN_DOCUMENTATION_COMMENTS = YES;
				CLANG_WARN_EMPTY_BODY = YES;
				CLANG_WARN_ENUM_CONVERSION = YES;
				CLANG_WARN_INFINITE_RECURSION = YES;
				CLANG_WARN_INT_CONVERSION = YES;
				CLANG_WARN_NON_LITERAL_NULL_CONVERSION = YES;
				CLANG_WARN_OBJC_IMPLICIT_RETAIN_SELF = YES;
				CLANG_WARN_OBJC_LITERAL_CONVERSION = YES;
				CLANG_WARN_OBJC_ROOT_CLASS = YES_ERROR;
				CLANG_WARN_QUOTED_INCLUDE_IN_FRAMEWORK_HEADER = YES;
				CLANG_WARN_RANGE_LOOP_ANALYSIS = YES;
				CLANG_WARN_STRICT_PROTOTYPES = YES;
				CLANG_WARN_SUSPICIOUS_MOVE = YES;
				CLANG_WARN_UNGUARDED_AVAILABILITY = YES_AGGRESSIVE;
				CLANG_WARN_UNREACHABLE_CODE = YES;
				CLANG_WARN__DUPLICATE_METHOD_MATCH = YES;
				COPY_PHASE_STRIP = NO;
				DEBUG_INFORMATION_FORMAT = "dwarf-with-dsym";
				ENABLE_NS_ASSERTIONS = NO;
				ENABLE_STRICT_OBJC_MSGSEND = YES;
				ENABLE_USER_SCRIPT_SANDBOXING = YES;
				GCC_C_LANGUAGE_STANDARD = gnu11;
				GCC_NO_COMMON_BLOCKS = YES;
				GCC_WARN_64_TO_32_BIT_CONVERSION = YES;
				GCC_WARN_ABOUT_RETURN_TYPE = YES_ERROR;
				GCC_WARN_UNDECLARED_SELECTOR = YES;
				GCC_WARN_UNINITIALIZED_AUTOS = YES_AGGRESSIVE;
				GCC_WARN_UNUSED_FUNCTION = YES;
				GCC_WARN_UNUSED_VARIABLE = YES;
				IPHONEOS_DEPLOYMENT_TARGET = 14.0;
				MTL_ENABLE_DEBUG_INFO = NO;
				MTL_FAST_MATH = YES;
				SDKROOT = iphoneos;
				SWIFT_COMPILATION_MODE = wholemodule;
				SWIFT_OPTIMIZATION_LEVEL = "-O";
				VALIDATE_PRODUCT = YES;
			};
			name = Release;
		};
		8E4A85EA251A37610077CDAC /* Debug */ = {
			isa = XCBuildConfiguration;
			buildSettings = {
				ASSETCATALOG_COMPILER_APPICON_NAME = AppIcon;
				ASSETCATALOG_COMPILER_GLOBAL_ACCENT_COLOR_NAME = AccentColor;
				CODE_SIGN_IDENTITY = "Apple Development";
				CODE_SIGN_STYLE = Automatic;
				DEVELOPMENT_TEAM = DJU3Y9T9DV;
				INFOPLIST_FILE = Fadr/Info.plist;
				LD_RUNPATH_SEARCH_PATHS = (
					"$(inherited)",
					"@executable_path/Frameworks",
				);
				PRODUCT_BUNDLE_IDENTIFIER = net.chinemerem.APPMotion;
				PRODUCT_NAME = "$(TARGET_NAME)";
				PROVISIONING_PROFILE_SPECIFIER = "";
				SWIFT_VERSION = 5.0;
				TARGETED_DEVICE_FAMILY = "1,2";
			};
			name = Debug;
		};
		8E4A85EB251A37610077CDAC /* Release */ = {
			isa = XCBuildConfiguration;
			buildSettings = {
				ASSETCATALOG_COMPILER_APPICON_NAME = AppIcon;
				ASSETCATALOG_COMPILER_GLOBAL_ACCENT_COLOR_NAME = AccentColor;
				CODE_SIGN_IDENTITY = "Apple Development";
				CODE_SIGN_STYLE = Automatic;
				DEVELOPMENT_TEAM = DJU3Y9T9DV;
				INFOPLIST_FILE = Fadr/Info.plist;
				LD_RUNPATH_SEARCH_PATHS = (
					"$(inherited)",
					"@executable_path/Frameworks",
				);
				PRODUCT_BUNDLE_IDENTIFIER = net.chinemerem.APPMotion;
				PRODUCT_NAME = "$(TARGET_NAME)";
				PROVISIONING_PROFILE_SPECIFIER = "";
				SWIFT_VERSION = 5.0;
				TARGETED_DEVICE_FAMILY = "1,2";
			};
			name = Release;
		};
/* End XCBuildConfiguration section */

/* Begin XCConfigurationList section */
		8E4A85D0251A37600077CDAC /* Build configuration list for PBXProject "Fadr" */ = {
			isa = XCConfigurationList;
			buildConfigurations = (
				8E4A85E7251A37610077CDAC /* Debug */,
				8E4A85E8251A37610077CDAC /* Release */,
			);
			defaultConfigurationIsVisible = 0;
			defaultConfigurationName = Release;
		};
		8E4A85E9251A37610077CDAC /* Build configuration list for PBXNativeTarget "Fadr" */ = {
			isa = XCConfigurationList;
			buildConfigurations = (
				8E4A85EA251A37610077CDAC /* Debug */,
				8E4A85EB251A37610077CDAC /* Release */,
			);
			defaultConfigurationIsVisible = 0;
			defaultConfigurationName = Release;
		};
/* End XCConfigurationList section */
	};
	rootObject = 8E4A85CD251A37600077CDAC /* Project object */;
}
